PODS:
  - MBProgressHUD (0.9.1)
  - MJRefresh (2.4.12)
  - PureLayout (3.0.1)

DEPENDENCIES:
  - MBProgressHUD (~> 0.9.1)
  - MJRefresh
  - PureLayout

SPEC CHECKSUMS:
  MBProgressHUD: c47f2c166c126cf2ce36498d80f33e754d4e93ad
  MJRefresh: ca8e9589895977df32d379d46e6b8a5450b3ff44
  PureLayout: f35f5384c9c4e4479df041dbe33ad7577b71ddfb

COCOAPODS: 0.38.2
